// !$*UTF8*$!
{
	archiveVersion = 1;
	classes = {
	};
	objectVersion = 50;
	objects = {

/* Begin PBXBuildFile section */
		445F59BE256C1E0500DBCC68 /* AppDelegate.m in Sources */ = {isa = PBXBuildFile; fileRef = 445F59BD256C1E0500DBCC68 /* AppDelegate.m */; };
		445F59C1256C1E0500DBCC68 /* SceneDelegate.m in Sources */ = {isa = PBXBuildFile; fileRef = 445F59C0256C1E0500DBCC68 /* SceneDelegate.m */; };
		445F59C4256C1E0500DBCC68 /* ViewController.m in Sources */ = {isa = PBXBuildFile; fileRef = 445F59C3256C1E0500DBCC68 /* ViewController.m */; };
		445F59C7256C1E0500DBCC68 /* Main.storyboard in Resources */ = {isa = PBXBuildFile; fileRef = 445F59C5256C1E0500DBCC68 /* Main.storyboard */; };
		445F59C9256C1E0700DBCC68 /* Assets.xcassets in Resources */ = {isa = PBXBuildFile; fileRef = 445F59C8256C1E0700DBCC68 /* Assets.xcassets */; };
		445F59CC256C1E0700DBCC68 /* LaunchScreen.storyboard in Resources */ = {isa = PBXBuildFile; fileRef = 445F59CA256C1E0700DBCC68 /* LaunchScreen.storyboard */; };
		445F59CF256C1E0700DBCC68 /* main.m in Sources */ = {isa = PBXBuildFile; fileRef = 445F59CE256C1E0700DBCC68 /* main.m */; };
/* End PBXBuildFile section */

/* Begin PBXFileReference section */
		445F59B9256C1E0500DBCC68 /* AppAdaptriOS.app */ = {isa = PBXFileReference; explicitFileType = wrapper.application; includeInIndex = 0; path = AppAdaptriOS.app; sourceTree = BUILT_PRODUCTS_DIR; };
		445F59BC256C1E0500DBCC68 /* AppDelegate.h */ = {isa = PBXFileReference; lastKnownFileType = sourcecode.c.h; path = AppDelegate.h; sourceTree = "<group>"; };
		445F59BD256C1E0500DBCC68 /* AppDelegate.m */ = {isa = PBXFileReference; lastKnownFileType = sourcecode.c.objc; path = AppDelegate.m; sourceTree = "<group>"; };
		445F59BF256C1E0500DBCC68 /* SceneDelegate.h */ = {isa = PBXFileReference; lastKnownFileType = sourcecode.c.h; path = SceneDelegate.h; sourceTree = "<group>"; };
		445F59C0256C1E0500DBCC68 /* SceneDelegate.m */ = {isa = PBXFileReference; lastKnownFileType = sourcecode.c.objc; path = SceneDelegate.m; sourceTree = "<group>"; };
		445F59C2256C1E0500DBCC68 /* ViewController.h */ = {isa = PBXFileReference; lastKnownFileType = sourcecode.c.h; path = ViewController.h; sourceTree = "<group>"; };
		445F59C3256C1E0500DBCC68 /* ViewController.m */ = {isa = PBXFileReference; lastKnownFileType = sourcecode.c.objc; path = ViewController.m; sourceTree = "<group>"; };
		445F59C6256C1E0500DBCC68 /* Base */ = {isa = PBXFileReference; lastKnownFileType = file.storyboard; name = Base; path = Base.lproj/Main.storyboard; sourceTree = "<group>"; };
		445F59C8256C1E0700DBCC68 /* Assets.xcassets */ = {isa = PBXFileReference; lastKnownFileType = folder.assetcatalog; path = Assets.xcassets; sourceTree = "<group>"; };
		445F59CB256C1E0700DBCC68 /* Base */ = {isa = PBXFileReference; lastKnownFileType = file.storyboard; name = Base; path = Base.lproj/LaunchScreen.storyboard; sourceTree = "<group>"; };
		445F59CD256C1E0700DBCC68 /* Info.plist */ = {isa = PBXFileReference; lastKnownFileType = text.plist.xml; path = Info.plist; sourceTree = "<group>"; };
		445F59CE256C1E0700DBCC68 /* main.m */ = {isa = PBXFileReference; lastKnownFileType = sourcecode.c.objc; path = main.m; sourceTree = "<group>"; };
/* End PBXFileReference section */

/* Begin PBXFrameworksBuildPhase section */
		445F59B6256C1E0500DBCC68 /* Frameworks */ = {
			isa = PBXFrameworksBuildPhase;
			buildActionMask = 2147483647;
			files = (
			);
			runOnlyForDeploymentPostprocessing = 0;
		};
/* End PBXFrameworksBuildPhase section */

/* Begin PBXGroup section */
		445F59B0256C1E0500DBCC68 = {
			isa = PBXGroup;
			children = (
				445F59BB256C1E0500DBCC68 /* AppAdaptriOS */,
				445F59BA256C1E0500DBCC68 /* Products */,
			);
			sourceTree = "<group>";
		};
		445F59BA256C1E0500DBCC68 /* Products */ = {
			isa = PBXGroup;
			children = (
				445F59B9256C1E0500DBCC68 /* AppAdaptriOS.app */,
			);
			name = Products;
			sourceTree = "<group>";
		};
		445F59BB256C1E0500DBCC68 /* AppAdaptriOS */ = {
			isa = PBXGroup;
			children = (
				445F59BC256C1E0500DBCC68 /* AppDelegate.h */,
				445F59BD256C1E0500DBCC68 /* AppDelegate.m */,
				445F59BF256C1E0500DBCC68 /* SceneDelegate.h */,
				445F59C0256C1E0500DBCC68 /* SceneDelegate.m */,
				445F59C2256C1E0500DBCC68 /* ViewController.h */,
				445F59C3256C1E0500DBCC68 /* ViewController.m */,
				445F59C5256C1E0500DBCC68 /* Main.storyboard */,
				445F59C8256C1E0700DBCC68 /* Assets.xcassets */,
				445F59CA256C1E0700DBCC68 /* LaunchScreen.storyboard */,
				445F59CD256C1E0700DBCC68 /* Info.plist */,
				445F59CE256C1E0700DBCC68 /* main.m */,
			);
			path = AppAdaptriOS;
			sourceTree = "<group>";
		};
/* End PBXGroup section */

/* Begin PBXNativeTarget section */
		445F59B8256C1E0500DBCC68 /* AppAdaptriOS */ = {
			isa = PBXNativeTarget;
			buildConfigurationList = 445F59D2256C1E0700DBCC68 /* Build configuration list for PBXNativeTarget "AppAdaptriOS" */;
			buildPhases = (
				445F59B5256C1E0500DBCC68 /* Sources */,
				445F59B6256C1E0500DBCC68 /* Frameworks */,
				445F59B7256C1E0500DBCC68 /* Resources */,
			);
			buildRules = (
			);
			dependencies = (
			);
			name = AppAdaptriOS;
			productName = AppAdaptriOS;
			productReference = 445F59B9256C1E0500DBCC68 /* AppAdaptriOS.app */;
			productType = "com.apple.product-type.application";
		};
/* End PBXNativeTarget section */

/* Begin PBXProject section */
		445F59B1256C1E0500DBCC68 /* Project object */ = {
			isa = PBXProject;
			attributes = {
				LastUpgradeCheck = 1220;
				TargetAttributes = {
					445F59B8256C1E0500DBCC68 = {
						CreatedOnToolsVersion = 12.2;
					};
				};
			};
			buildConfigurationList = 445F59B4256C1E0500DBCC68 /* Build configuration list for PBXProject "AppAdaptriOS" */;
			compatibilityVersion = "Xcode 9.3";
			developmentRegion = en;
			hasScannedForEncodings = 0;
			knownRegions = (
				en,
				Base,
			);
			mainGroup = 445F59B0256C1E0500DBCC68;
			productRefGroup = 445F59BA256C1E0500DBCC68 /* Products */;
			projectDirPath = "";
			projectRoot = "";
			targets = (
				445F59B8256C1E0500DBCC68 /* AppAdaptriOS */,
			);
		};
/* End PBXProject section */

/* Begin PBXResourcesBuildPhase section */
		445F59B7256C1E0500DBCC68 /* Resources */ = {
			isa = PBXResourcesBuildPhase;
			buildActionMask = 2147483647;
			files = (
				445F59CC256C1E0700DBCC68 /* LaunchScreen.storyboard in Resources */,
				445F59C9256C1E0700DBCC68 /* Assets.xcassets in Resources */,
				445F59C7256C1E0500DBCC68 /* Main.storyboard in Resources */,
			);
			runOnlyForDeploymentPostprocessing = 0;
		};
/* End PBXResourcesBuildPhase section */

/* Begin PBXSourcesBuildPhase section */
		445F59B5256C1E0500DBCC68 /* Sources */ = {
			isa = PBXSourcesBuildPhase;
			buildActionMask = 2147483647;
			files = (
				445F59C4256C1E0500DBCC68 /* ViewController.m in Sources */,
				445F59BE256C1E0500DBCC68 /* AppDelegate.m in Sources */,
				445F59CF256C1E0700DBCC68 /* main.m in Sources */,
				445F59C1256C1E0500DBCC68 /* SceneDelegate.m in Sources */,
			);
			runOnlyForDeploymentPostprocessing = 0;
		};
/* End PBXSourcesBuildPhase section */

/* Begin PBXVariantGroup section */
		445F59C5256C1E0500DBCC68 /* Main.storyboard */ = {
			isa = PBXVariantGroup;
			children = (
				445F59C6256C1E0500DBCC68 /* Base */,
			);
			name = Main.storyboard;
			sourceTree = "<group>";
		};
		445F59CA256C1E0700DBCC68 /* LaunchScreen.storyboard */ = {
			isa = PBXVariantGroup;
			children = (
				445F59CB256C1E0700DBCC68 /* Base */,
			);
			name = LaunchScreen.storyboard;
			sourceTree = "<group>";
		};
/* End PBXVariantGroup section */

/* Begin XCBuildConfiguration section */
		445F59D0256C1E0700DBCC68 /* Debug */ = {
			isa = XCBuildConfiguration;
			buildSettings = {
				ALWAYS_SEARCH_USER_PATHS = NO;
				CLANG_ANALYZER_NONNULL = YES;
				CLANG_ANALYZER_NUMBER_OBJECT_CONVERSION = YES_AGGRESSIVE;
				CLANG_CXX_LANGUAGE_STANDARD = "gnu++14";
				CLANG_CXX_LIBRARY = "libc++";
				CLANG_ENABLE_MODULES = YES;
				CLANG_ENABLE_OBJC_ARC = YES;
				CLANG_ENABLE_OBJC_WEAK = YES;
				CLANG_WARN_BLOCK_CAPTURE_AUTORELEASING = YES;
				CLANG_WARN_BOOL_CONVERSION = YES;
				CLANG_WARN_COMMA = YES;
				CLANG_WARN_CONSTANT_CONVERSION = YES;
				CLANG_WARN_DEPRECATED_OBJC_IMPLEMENTATIONS = YES;
				CLANG_WARN_DIRECT_OBJC_ISA_USAGE = YES_ERROR;
				CLANG_WARN_DOCUMENTATION_COMMENTS = YES;
				CLANG_WARN_EMPTY_BODY = YES;
				CLANG_WARN_ENUM_CONVERSION = YES;
				CLANG_WARN_INFINITE_RECURSION = YES;
				CLANG_WARN_INT_CONVERSION = YES;
				CLANG_WARN_NON_LITERAL_NULL_CONVERSION = YES;
				CLANG_WARN_OBJC_IMPLICIT_RETAIN_SELF = YES;
				CLANG_WARN_OBJC_LITERAL_CONVERSION = YES;
				CLANG_WARN_OBJC_ROOT_CLASS = YES_ERROR;
				CLANG_WARN_QUOTED_INCLUDE_IN_FRAMEWORK_HEADER = YES;
				CLANG_WARN_RANGE_LOOP_ANALYSIS = YES;
				CLANG_WARN_STRICT_PROTOTYPES = YES;
				CLANG_WARN_SUSPICIOUS_MOVE = YES;
				CLANG_WARN_UNGUARDED_AVAILABILITY = YES_AGGRESSIVE;
				CLANG_WARN_UNREACHABLE_CODE = YES;
				CLANG_WARN__DUPLICATE_METHOD_MATCH = YES;
				COPY_PHASE_STRIP = NO;
				DEBUG_INFORMATION_FORMAT = dwarf;
				ENABLE_STRICT_OBJC_MSGSEND = YES;
				ENABLE_TESTABILITY = YES;
				GCC_C_LANGUAGE_STANDARD = gnu11;
				GCC_DYNAMIC_NO_PIC = NO;
				GCC_NO_COMMON_BLOCKS = YES;
				GCC_OPTIMIZATION_LEVEL = 0;
				GCC_PREPROCESSOR_DEFINITIONS = (
					"DEBUG=1",
					"$(inherited)",
				);
				GCC_WARN_64_TO_32_BIT_CONVERSION = YES;
				GCC_WARN_ABOUT_RETURN_TYPE = YES_ERROR;
				GCC_WARN_UNDECLARED_SELECTOR = YES;
				GCC_WARN_UNINITIALIZED_AUTOS = YES_AGGRESSIVE;
				GCC_WARN_UNUSED_FUNCTION = YES;
				GCC_WARN_UNUSED_VARIABLE = YES;
				IPHONEOS_DEPLOYMENT_TARGET = 14.2;
				MTL_ENABLE_DEBUG_INFO = INCLUDE_SOURCE;
				MTL_FAST_MATH = YES;
				ONLY_ACTIVE_ARCH = YES;
				SDKROOT = iphoneos;
			};
			name = Debug;
		};
		445F59D1256C1E0700DBCC68 /* Release */ = {
			isa = XCBuildConfiguration;
			buildSettings = {
				ALWAYS_SEARCH_USER_PATHS = NO;
				CLANG_ANALYZER_NONNULL = YES;
				CLANG_ANALYZER_NUMBER_OBJECT_CONVERSION = YES_AGGRESSIVE;
				CLANG_CXX_LANGUAGE_STANDARD = "gnu++14";
				CLANG_CXX_LIBRARY = "libc++";
				CLANG_ENABLE_MODULES = YES;
				CLANG_ENABLE_OBJC_ARC = YES;
				CLANG_ENABLE_OBJC_WEAK = YES;
				CLANG_WARN_BLOCK_CAPTURE_AUTORELEASING = YES;
				CLANG_WARN_BOOL_CONVERSION = YES;
				CLANG_WARN_COMMA = YES;
				CLANG_WARN_CONSTANT_CONVERSION = YES;
				CLANG_WARN_DEPRECATED_OBJC_IMPLEMENTATIONS = YES;
				CLANG_WARN_DIRECT_OBJC_ISA_USAGE = YES_ERROR;
				CLANG_WARN_DOCUMENTATION_COMMENTS = YES;
				CLANG_WARN_EMPTY_BODY = YES;
				CLANG_WARN_ENUM_CONVERSION = YES;
				CLANG_WARN_INFINITE_RECURSION = YES;
				CLANG_WARN_INT_CONVERSION = YES;
				CLANG_WARN_NON_LITERAL_NULL_CONVERSION = YES;
				CLANG_WARN_OBJC_IMPLICIT_RETAIN_SELF = YES;
				CLANG_WARN_OBJC_LITERAL_CONVERSION = YES;
				CLANG_WARN_OBJC_ROOT_CLASS = YES_ERROR;
				CLANG_WARN_QUOTED_INCLUDE_IN_FRAMEWORK_HEADER = YES;
				CLANG_WARN_RANGE_LOOP_ANALYSIS = YES;
				CLANG_WARN_STRICT_PROTOTYPES = YES;
				CLANG_WARN_SUSPICIOUS_MOVE = YES;
				CLANG_WARN_UNGUARDED_AVAILABILITY = YES_AGGRESSIVE;
				CLANG_WARN_UNREACHABLE_CODE = YES;
				CLANG_WARN__DUPLICATE_METHOD_MATCH = YES;
				COPY_PHASE_STRIP = NO;
				DEBUG_INFORMATION_FORMAT = "dwarf-with-dsym";
				ENABLE_NS_ASSERTIONS = NO;
				ENABLE_STRICT_OBJC_MSGSEND = YES;
				GCC_C_LANGUAGE_STANDARD = gnu11;
				GCC_NO_COMMON_BLOCKS = YES;
				GCC_WARN_64_TO_32_BIT_CONVERSION = YES;
				GCC_WARN_ABOUT_RETURN_TYPE = YES_ERROR;
				GCC_WARN_UNDECLARED_SELECTOR = YES;
				GCC_WARN_UNINITIALIZED_AUTOS = YES_AGGRESSIVE;
				GCC_WARN_UNUSED_FUNCTION = YES;
				GCC_WARN_UNUSED_VARIABLE = YES;
				IPHONEOS_DEPLOYMENT_TARGET = 14.2;
				MTL_ENABLE_DEBUG_INFO = NO;
				MTL_FAST_MATH = YES;
				SDKROOT = iphoneos;
				VALIDATE_PRODUCT = YES;
			};
			name = Release;
		};
		445F59D3256C1E0700DBCC68 /* Debug */ = {
			isa = XCBuildConfiguration;
			buildSettings = {
				ASSETCATALOG_COMPILER_APPICON_NAME = AppIcon;
				ASSETCATALOG_COMPILER_GLOBAL_ACCENT_COLOR_NAME = AccentColor;
				CODE_SIGN_STYLE = Automatic;
				DEVELOPMENT_TEAM = PAGEPFEF9A;
				INFOPLIST_FILE = AppAdaptriOS/Info.plist;
				LD_RUNPATH_SEARCH_PATHS = (
					"$(inherited)",
					"@executable_path/Frameworks",
				);
				PRODUCT_BUNDLE_IDENTIFIER = com.adaptr.AppAdaptriOS;
				PRODUCT_NAME = "$(TARGET_NAME)";
				TARGETED_DEVICE_FAMILY = "1,2";
			};
			name = Debug;
		};
		445F59D4256C1E0700DBCC68 /* Release */ = {
			isa = XCBuildConfiguration;
			buildSettings = {
				ASSETCATALOG_COMPILER_APPICON_NAME = AppIcon;
				ASSETCATALOG_COMPILER_GLOBAL_ACCENT_COLOR_NAME = AccentColor;
				CODE_SIGN_STYLE = Automatic;
				DEVELOPMENT_TEAM = PAGEPFEF9A;
				INFOPLIST_FILE = AppAdaptriOS/Info.plist;
				LD_RUNPATH_SEARCH_PATHS = (
					"$(inherited)",
					"@executable_path/Frameworks",
				);
				PRODUCT_BUNDLE_IDENTIFIER = com.adaptr.AppAdaptriOS;
				PRODUCT_NAME = "$(TARGET_NAME)";
				TARGETED_DEVICE_FAMILY = "1,2";
			};
			name = Release;
		};
/* End XCBuildConfiguration section */

/* Begin XCConfigurationList section */
		445F59B4256C1E0500DBCC68 /* Build configuration list for PBXProject "AppAdaptriOS" */ = {
			isa = XCConfigurationList;
			buildConfigurations = (
				445F59D0256C1E0700DBCC68 /* Debug */,
				445F59D1256C1E0700DBCC68 /* Release */,
			);
			defaultConfigurationIsVisible = 0;
			defaultConfigurationName = Release;
		};
		445F59D2256C1E0700DBCC68 /* Build configuration list for PBXNativeTarget "AppAdaptriOS" */ = {
			isa = XCConfigurationList;
			buildConfigurations = (
				445F59D3256C1E0700DBCC68 /* Debug */,
				445F59D4256C1E0700DBCC68 /* Release */,
			);
			defaultConfigurationIsVisible = 0;
			defaultConfigurationName = Release;
		};
/* End XCConfigurationList section */
	};
	rootObject = 445F59B1256C1E0500DBCC68 /* Project object */;
}
